
Microsoft Visual Studio Solution File, Format Version 12.00
# Visual Studio Version 16
VisualStudioVersion = 16.0.30011.22
MinimumVisualStudioVersion = 10.0.40219.1
Project("{FAE04EC0-301F-11D3-BF4B-00C04F79EFBC}") = "TPG.FN.Introduction", "TPG.FN.Introduction\TPG.FN.Introduction.csproj", "{3E4D2D81-4253-4467-AA3E-068EE29E9898}"
EndProject
Global
	GlobalSection(SolutionConfigurationPlatforms) = preSolution
		Debug|Any CPU = Debug|Any CPU
		Release|Any CPU = Release|Any CPU
	EndGlobalSection
	GlobalSection(ProjectConfigurationPlatforms) = postSolution
		{3E4D2D81-4253-4467-AA3E-068EE29E9898}.Debug|Any CPU.ActiveCfg = Debug|Any CPU
		{3E4D2D81-4253-4467-AA3E-068EE29E9898}.Debug|Any CPU.Build.0 = Debug|Any CPU
		{3E4D2D81-4253-4467-AA3E-068EE29E9898}.Release|Any CPU.ActiveCfg = Release|Any CPU
		{3E4D2D81-4253-4467-AA3E-068EE29E9898}.Release|Any CPU.Build.0 = Release|Any CPU
	EndGlobalSection
	GlobalSection(SolutionProperties) = preSolution
		HideSolutionNode = FALSE
	EndGlobalSection
	GlobalSection(ExtensibilityGlobals) = postSolution
		SolutionGuid = {5CF4466A-E7E3-4F9A-AA7A-17FEAAA02653}
	EndGlobalSection	
EndGlobal
